// !$*UTF8*$!
{
	archiveVersion = 1;
	classes = {
	};
	objectVersion = 70;
	objects = {

/* Begin PBXBuildFile section */
		6319911A2C5F522E00EE882B /* WidgetKit.framework in Frameworks */ = {isa = PBXBuildFile; fileRef = 63CC6E9D2C5CEB0000720D77 /* WidgetKit.framework */; };
		6319911B2C5F522E00EE882B /* SwiftUI.framework in Frameworks */ = {isa = PBXBuildFile; fileRef = 63CC6E9F2C5CEB0000720D77 /* SwiftUI.framework */; };
		631991262C5F523000EE882B /* AquaGuard-Watch-WidgetExtension.appex in Embed Foundation Extensions */ = {isa = PBXBuildFile; fileRef = 631991192C5F522E00EE882B /* AquaGuard-Watch-WidgetExtension.appex */; settings = {ATTRIBUTES = (RemoveHeadersOnCopy, ); }; };
		63CC6E9E2C5CEB0000720D77 /* WidgetKit.framework in Frameworks */ = {isa = PBXBuildFile; fileRef = 63CC6E9D2C5CEB0000720D77 /* WidgetKit.framework */; };
		63CC6EA02C5CEB0000720D77 /* SwiftUI.framework in Frameworks */ = {isa = PBXBuildFile; fileRef = 63CC6E9F2C5CEB0000720D77 /* SwiftUI.framework */; };
		63CC6EB12C5CEB0200720D77 /* AquaGuard-WidgetsExtension.appex in Embed Foundation Extensions */ = {isa = PBXBuildFile; fileRef = 63CC6E9B2C5CEB0000720D77 /* AquaGuard-WidgetsExtension.appex */; settings = {ATTRIBUTES = (RemoveHeadersOnCopy, ); }; };
		63CC6EEC2C5E529C00720D77 /* AquaGuard-Watch Watch App.app in Embed Watch Content */ = {isa = PBXBuildFile; fileRef = 63CC6EC92C5E529900720D77 /* AquaGuard-Watch Watch App.app */; settings = {ATTRIBUTES = (RemoveHeadersOnCopy, ); }; };
/* End PBXBuildFile section */

/* Begin PBXContainerItemProxy section */
		631991242C5F523000EE882B /* PBXContainerItemProxy */ = {
			isa = PBXContainerItemProxy;
			containerPortal = 635A7E5E2C57E21B004BF7A3 /* Project object */;
			proxyType = 1;
			remoteGlobalIDString = 631991182C5F522E00EE882B;
			remoteInfo = "AquaGuard-Watch-WidgetExtension";
		};
		635A7E772C57E21C004BF7A3 /* PBXContainerItemProxy */ = {
			isa = PBXContainerItemProxy;
			containerPortal = 635A7E5E2C57E21B004BF7A3 /* Project object */;
			proxyType = 1;
			remoteGlobalIDString = 635A7E652C57E21B004BF7A3;
			remoteInfo = AquaGuard2;
		};
		635A7E812C57E21C004BF7A3 /* PBXContainerItemProxy */ = {
			isa = PBXContainerItemProxy;
			containerPortal = 635A7E5E2C57E21B004BF7A3 /* Project object */;
			proxyType = 1;
			remoteGlobalIDString = 635A7E652C57E21B004BF7A3;
			remoteInfo = AquaGuard2;
		};
		63CC6EAF2C5CEB0200720D77 /* PBXContainerItemProxy */ = {
			isa = PBXContainerItemProxy;
			containerPortal = 635A7E5E2C57E21B004BF7A3 /* Project object */;
			proxyType = 1;
			remoteGlobalIDString = 63CC6E9A2C5CEB0000720D77;
			remoteInfo = "AquaGuard-WidgetsExtension";
		};
		63CC6ED92C5E529B00720D77 /* PBXContainerItemProxy */ = {
			isa = PBXContainerItemProxy;
			containerPortal = 635A7E5E2C57E21B004BF7A3 /* Project object */;
			proxyType = 1;
			remoteGlobalIDString = 63CC6EC82C5E529900720D77;
			remoteInfo = "AquaGuard-Watch Watch App";
		};
		63CC6EE32C5E529C00720D77 /* PBXContainerItemProxy */ = {
			isa = PBXContainerItemProxy;
			containerPortal = 635A7E5E2C57E21B004BF7A3 /* Project object */;
			proxyType = 1;
			remoteGlobalIDString = 63CC6EC82C5E529900720D77;
			remoteInfo = "AquaGuard-Watch Watch App";
		};
		63CC6EEA2C5E529C00720D77 /* PBXContainerItemProxy */ = {
			isa = PBXContainerItemProxy;
			containerPortal = 635A7E5E2C57E21B004BF7A3 /* Project object */;
			proxyType = 1;
			remoteGlobalIDString = 63CC6EC82C5E529900720D77;
			remoteInfo = "AquaGuard-Watch Watch App";
		};
/* End PBXContainerItemProxy section */

/* Begin PBXCopyFilesBuildPhase section */
		6319912B2C5F523000EE882B /* Embed Foundation Extensions */ = {
			isa = PBXCopyFilesBuildPhase;
			buildActionMask = 2147483647;
			dstPath = "";
			dstSubfolderSpec = 13;
			files = (
				631991262C5F523000EE882B /* AquaGuard-Watch-WidgetExtension.appex in Embed Foundation Extensions */,
			);
			name = "Embed Foundation Extensions";
			runOnlyForDeploymentPostprocessing = 0;
		};
		631BD15B2C588CFB00BAA436 /* Embed Watch Content */ = {
			isa = PBXCopyFilesBuildPhase;
			buildActionMask = 2147483647;
			dstPath = "$(CONTENTS_FOLDER_PATH)/Watch";
			dstSubfolderSpec = 16;
			files = (
				63CC6EEC2C5E529C00720D77 /* AquaGuard-Watch Watch App.app in Embed Watch Content */,
			);
			name = "Embed Watch Content";
			runOnlyForDeploymentPostprocessing = 0;
		};
		63CC6EB62C5CEB0200720D77 /* Embed Foundation Extensions */ = {
			isa = PBXCopyFilesBuildPhase;
			buildActionMask = 2147483647;
			dstPath = "";
			dstSubfolderSpec = 13;
			files = (
				63CC6EB12C5CEB0200720D77 /* AquaGuard-WidgetsExtension.appex in Embed Foundation Extensions */,
			);
			name = "Embed Foundation Extensions";
			runOnlyForDeploymentPostprocessing = 0;
		};
/* End PBXCopyFilesBuildPhase section */

/* Begin PBXFileReference section */
		631991192C5F522E00EE882B /* AquaGuard-Watch-WidgetExtension.appex */ = {isa = PBXFileReference; explicitFileType = "wrapper.app-extension"; includeInIndex = 0; path = "AquaGuard-Watch-WidgetExtension.appex"; sourceTree = BUILT_PRODUCTS_DIR; };
		635A7E662C57E21B004BF7A3 /* AquaGuard2.app */ = {isa = PBXFileReference; explicitFileType = wrapper.application; includeInIndex = 0; path = AquaGuard2.app; sourceTree = BUILT_PRODUCTS_DIR; };
		635A7E762C57E21C004BF7A3 /* AquaGuard2Tests.xctest */ = {isa = PBXFileReference; explicitFileType = wrapper.cfbundle; includeInIndex = 0; path = AquaGuard2Tests.xctest; sourceTree = BUILT_PRODUCTS_DIR; };
		635A7E802C57E21C004BF7A3 /* AquaGuard2UITests.xctest */ = {isa = PBXFileReference; explicitFileType = wrapper.cfbundle; includeInIndex = 0; path = AquaGuard2UITests.xctest; sourceTree = BUILT_PRODUCTS_DIR; };
		63CC6E9B2C5CEB0000720D77 /* AquaGuard-WidgetsExtension.appex */ = {isa = PBXFileReference; explicitFileType = "wrapper.app-extension"; includeInIndex = 0; path = "AquaGuard-WidgetsExtension.appex"; sourceTree = BUILT_PRODUCTS_DIR; };
		63CC6E9D2C5CEB0000720D77 /* WidgetKit.framework */ = {isa = PBXFileReference; lastKnownFileType = wrapper.framework; name = WidgetKit.framework; path = System/Library/Frameworks/WidgetKit.framework; sourceTree = SDKROOT; };
		63CC6E9F2C5CEB0000720D77 /* SwiftUI.framework */ = {isa = PBXFileReference; lastKnownFileType = wrapper.framework; name = SwiftUI.framework; path = System/Library/Frameworks/SwiftUI.framework; sourceTree = SDKROOT; };
		63CC6EBD2C5D26FA00720D77 /* AquaGuard-WidgetsExtension.entitlements */ = {isa = PBXFileReference; lastKnownFileType = text.plist.entitlements; path = "AquaGuard-WidgetsExtension.entitlements"; sourceTree = "<group>"; };
		63CC6EC92C5E529900720D77 /* AquaGuard-Watch Watch App.app */ = {isa = PBXFileReference; explicitFileType = wrapper.application; includeInIndex = 0; path = "AquaGuard-Watch Watch App.app"; sourceTree = BUILT_PRODUCTS_DIR; };
		63CC6ED82C5E529B00720D77 /* AquaGuard-Watch Watch AppTests.xctest */ = {isa = PBXFileReference; explicitFileType = wrapper.cfbundle; includeInIndex = 0; path = "AquaGuard-Watch Watch AppTests.xctest"; sourceTree = BUILT_PRODUCTS_DIR; };
		63CC6EE22C5E529C00720D77 /* AquaGuard-Watch Watch AppUITests.xctest */ = {isa = PBXFileReference; explicitFileType = wrapper.cfbundle; includeInIndex = 0; path = "AquaGuard-Watch Watch AppUITests.xctest"; sourceTree = BUILT_PRODUCTS_DIR; };
/* End PBXFileReference section */

/* Begin PBXFileSystemSynchronizedBuildFileExceptionSet section */
		6319912A2C5F523000EE882B /* PBXFileSystemSynchronizedBuildFileExceptionSet */ = {
			isa = PBXFileSystemSynchronizedBuildFileExceptionSet;
			membershipExceptions = (
				Info.plist,
			);
			target = 631991182C5F522E00EE882B /* AquaGuard-Watch-WidgetExtension */;
		};
		63CC6EB22C5CEB0200720D77 /* PBXFileSystemSynchronizedBuildFileExceptionSet */ = {
			isa = PBXFileSystemSynchronizedBuildFileExceptionSet;
			membershipExceptions = (
				Info.plist,
			);
			target = 63CC6E9A2C5CEB0000720D77 /* AquaGuard-WidgetsExtension */;
		};
		63CC6EB82C5D25AF00720D77 /* PBXFileSystemSynchronizedBuildFileExceptionSet */ = {
			isa = PBXFileSystemSynchronizedBuildFileExceptionSet;
			membershipExceptions = (
				Model/Device.swift,
				Model/UserProfileModel.swift,
				Other/DeveloperPreview.swift,
				ViewModel/DeviceViewModel.swift,
				ViewModel/UserProfileViewModel.swift,
			);
			target = 63CC6E9A2C5CEB0000720D77 /* AquaGuard-WidgetsExtension */;
		};
		63CC6EC42C5DB1A500720D77 /* PBXFileSystemSynchronizedBuildFileExceptionSet */ = {
			isa = PBXFileSystemSynchronizedBuildFileExceptionSet;
			membershipExceptions = (
				"DeviceSelectionView .swift",
			);
			target = 635A7E652C57E21B004BF7A3 /* AquaGuard2 */;
		};
		63CC6EF72C5E52ED00720D77 /* PBXFileSystemSynchronizedBuildFileExceptionSet */ = {
			isa = PBXFileSystemSynchronizedBuildFileExceptionSet;
			membershipExceptions = (
				Model/Device.swift,
				Model/UserProfileModel.swift,
				Other/Computation.swift,
				Other/DeveloperPreview.swift,
				ViewModel/DeviceViewModel.swift,
				ViewModel/UserProfileViewModel.swift,
			);
			target = 63CC6EC82C5E529900720D77 /* AquaGuard-Watch Watch App */;
		};
		63D6AED42C5FAF02008EC92F /* PBXFileSystemSynchronizedBuildFileExceptionSet */ = {
			isa = PBXFileSystemSynchronizedBuildFileExceptionSet;
			membershipExceptions = (
				Model/Device.swift,
				Model/UserProfileModel.swift,
				Other/DeveloperPreview.swift,
				ViewModel/DeviceViewModel.swift,
				ViewModel/UserProfileViewModel.swift,
			);
			target = 631991182C5F522E00EE882B /* AquaGuard-Watch-WidgetExtension */;
		};
/* End PBXFileSystemSynchronizedBuildFileExceptionSet section */

/* Begin PBXFileSystemSynchronizedRootGroup section */
		6319911C2C5F522E00EE882B /* AquaGuard-Watch-Widget */ = {isa = PBXFileSystemSynchronizedRootGroup; exceptions = (6319912A2C5F523000EE882B /* PBXFileSystemSynchronizedBuildFileExceptionSet */, ); explicitFileTypes = {}; explicitFolders = (); path = "AquaGuard-Watch-Widget"; sourceTree = "<group>"; };
		635A7E682C57E21B004BF7A3 /* AquaGuard2 */ = {isa = PBXFileSystemSynchronizedRootGroup; exceptions = (63CC6EB82C5D25AF00720D77 /* PBXFileSystemSynchronizedBuildFileExceptionSet */, 63CC6EF72C5E52ED00720D77 /* PBXFileSystemSynchronizedBuildFileExceptionSet */, 63D6AED42C5FAF02008EC92F /* PBXFileSystemSynchronizedBuildFileExceptionSet */, ); explicitFileTypes = {}; explicitFolders = (); path = AquaGuard2; sourceTree = "<group>"; };
		635A7E792C57E21C004BF7A3 /* AquaGuard2Tests */ = {isa = PBXFileSystemSynchronizedRootGroup; explicitFileTypes = {}; explicitFolders = (); path = AquaGuard2Tests; sourceTree = "<group>"; };
		635A7E832C57E21C004BF7A3 /* AquaGuard2UITests */ = {isa = PBXFileSystemSynchronizedRootGroup; explicitFileTypes = {}; explicitFolders = (); path = AquaGuard2UITests; sourceTree = "<group>"; };
		63CC6EA12C5CEB0000720D77 /* AquaGuard-Widgets */ = {isa = PBXFileSystemSynchronizedRootGroup; exceptions = (63CC6EC42C5DB1A500720D77 /* PBXFileSystemSynchronizedBuildFileExceptionSet */, 63CC6EB22C5CEB0200720D77 /* PBXFileSystemSynchronizedBuildFileExceptionSet */, ); explicitFileTypes = {}; explicitFolders = (); path = "AquaGuard-Widgets"; sourceTree = "<group>"; };
		63CC6ECA2C5E529900720D77 /* AquaGuard-Watch Watch App */ = {isa = PBXFileSystemSynchronizedRootGroup; explicitFileTypes = {}; explicitFolders = (); path = "AquaGuard-Watch Watch App"; sourceTree = "<group>"; };
		63CC6EDB2C5E529C00720D77 /* AquaGuard-Watch Watch AppTests */ = {isa = PBXFileSystemSynchronizedRootGroup; explicitFileTypes = {}; explicitFolders = (); path = "AquaGuard-Watch Watch AppTests"; sourceTree = "<group>"; };
		63CC6EE52C5E529C00720D77 /* AquaGuard-Watch Watch AppUITests */ = {isa = PBXFileSystemSynchronizedRootGroup; explicitFileTypes = {}; explicitFolders = (); path = "AquaGuard-Watch Watch AppUITests"; sourceTree = "<group>"; };
/* End PBXFileSystemSynchronizedRootGroup section */

/* Begin PBXFrameworksBuildPhase section */
		631991162C5F522E00EE882B /* Frameworks */ = {
			isa = PBXFrameworksBuildPhase;
			buildActionMask = 2147483647;
			files = (
				6319911B2C5F522E00EE882B /* SwiftUI.framework in Frameworks */,
				6319911A2C5F522E00EE882B /* WidgetKit.framework in Frameworks */,
			);
			runOnlyForDeploymentPostprocessing = 0;
		};
		635A7E632C57E21B004BF7A3 /* Frameworks */ = {
			isa = PBXFrameworksBuildPhase;
			buildActionMask = 2147483647;
			files = (
			);
			runOnlyForDeploymentPostprocessing = 0;
		};
		635A7E732C57E21C004BF7A3 /* Frameworks */ = {
			isa = PBXFrameworksBuildPhase;
			buildActionMask = 2147483647;
			files = (
			);
			runOnlyForDeploymentPostprocessing = 0;
		};
		635A7E7D2C57E21C004BF7A3 /* Frameworks */ = {
			isa = PBXFrameworksBuildPhase;
			buildActionMask = 2147483647;
			files = (
			);
			runOnlyForDeploymentPostprocessing = 0;
		};
		63CC6E982C5CEB0000720D77 /* Frameworks */ = {
			isa = PBXFrameworksBuildPhase;
			buildActionMask = 2147483647;
			files = (
				63CC6EA02C5CEB0000720D77 /* SwiftUI.framework in Frameworks */,
				63CC6E9E2C5CEB0000720D77 /* WidgetKit.framework in Frameworks */,
			);
			runOnlyForDeploymentPostprocessing = 0;
		};
		63CC6EC62C5E529900720D77 /* Frameworks */ = {
			isa = PBXFrameworksBuildPhase;
			buildActionMask = 2147483647;
			files = (
			);
			runOnlyForDeploymentPostprocessing = 0;
		};
		63CC6ED52C5E529B00720D77 /* Frameworks */ = {
			isa = PBXFrameworksBuildPhase;
			buildActionMask = 2147483647;
			files = (
			);
			runOnlyForDeploymentPostprocessing = 0;
		};
		63CC6EDF2C5E529C00720D77 /* Frameworks */ = {
			isa = PBXFrameworksBuildPhase;
			buildActionMask = 2147483647;
			files = (
			);
			runOnlyForDeploymentPostprocessing = 0;
		};
/* End PBXFrameworksBuildPhase section */

/* Begin PBXGroup section */
		635A7E5D2C57E21B004BF7A3 = {
			isa = PBXGroup;
			children = (
				63CC6EBD2C5D26FA00720D77 /* AquaGuard-WidgetsExtension.entitlements */,
				635A7E682C57E21B004BF7A3 /* AquaGuard2 */,
				635A7E792C57E21C004BF7A3 /* AquaGuard2Tests */,
				635A7E832C57E21C004BF7A3 /* AquaGuard2UITests */,
				63CC6EA12C5CEB0000720D77 /* AquaGuard-Widgets */,
				63CC6ECA2C5E529900720D77 /* AquaGuard-Watch Watch App */,
				63CC6EDB2C5E529C00720D77 /* AquaGuard-Watch Watch AppTests */,
				63CC6EE52C5E529C00720D77 /* AquaGuard-Watch Watch AppUITests */,
				6319911C2C5F522E00EE882B /* AquaGuard-Watch-Widget */,
				63CC6E9C2C5CEB0000720D77 /* Frameworks */,
				635A7E672C57E21B004BF7A3 /* Products */,
			);
			sourceTree = "<group>";
		};
		635A7E672C57E21B004BF7A3 /* Products */ = {
			isa = PBXGroup;
			children = (
				635A7E662C57E21B004BF7A3 /* AquaGuard2.app */,
				635A7E762C57E21C004BF7A3 /* AquaGuard2Tests.xctest */,
				635A7E802C57E21C004BF7A3 /* AquaGuard2UITests.xctest */,
				63CC6E9B2C5CEB0000720D77 /* AquaGuard-WidgetsExtension.appex */,
				63CC6EC92C5E529900720D77 /* AquaGuard-Watch Watch App.app */,
				63CC6ED82C5E529B00720D77 /* AquaGuard-Watch Watch AppTests.xctest */,
				63CC6EE22C5E529C00720D77 /* AquaGuard-Watch Watch AppUITests.xctest */,
				631991192C5F522E00EE882B /* AquaGuard-Watch-WidgetExtension.appex */,
			);
			name = Products;
			sourceTree = "<group>";
		};
		63CC6E9C2C5CEB0000720D77 /* Frameworks */ = {
			isa = PBXGroup;
			children = (
				63CC6E9D2C5CEB0000720D77 /* WidgetKit.framework */,
				63CC6E9F2C5CEB0000720D77 /* SwiftUI.framework */,
			);
			name = Frameworks;
			sourceTree = "<group>";
		};
/* End PBXGroup section */

/* Begin PBXNativeTarget section */
		631991182C5F522E00EE882B /* AquaGuard-Watch-WidgetExtension */ = {
			isa = PBXNativeTarget;
			buildConfigurationList = 631991272C5F523000EE882B /* Build configuration list for PBXNativeTarget "AquaGuard-Watch-WidgetExtension" */;
			buildPhases = (
				631991152C5F522E00EE882B /* Sources */,
				631991162C5F522E00EE882B /* Frameworks */,
				631991172C5F522E00EE882B /* Resources */,
			);
			buildRules = (
			);
			dependencies = (
			);
			fileSystemSynchronizedGroups = (
				6319911C2C5F522E00EE882B /* AquaGuard-Watch-Widget */,
			);
			name = "AquaGuard-Watch-WidgetExtension";
			packageProductDependencies = (
			);
			productName = "AquaGuard-Watch-WidgetExtension";
			productReference = 631991192C5F522E00EE882B /* AquaGuard-Watch-WidgetExtension.appex */;
			productType = "com.apple.product-type.app-extension";
		};
		635A7E652C57E21B004BF7A3 /* AquaGuard2 */ = {
			isa = PBXNativeTarget;
			buildConfigurationList = 635A7E8A2C57E21C004BF7A3 /* Build configuration list for PBXNativeTarget "AquaGuard2" */;
			buildPhases = (
				635A7E622C57E21B004BF7A3 /* Sources */,
				635A7E632C57E21B004BF7A3 /* Frameworks */,
				635A7E642C57E21B004BF7A3 /* Resources */,
				631BD15B2C588CFB00BAA436 /* Embed Watch Content */,
				63CC6EB62C5CEB0200720D77 /* Embed Foundation Extensions */,
			);
			buildRules = (
			);
			dependencies = (
				63CC6EB02C5CEB0200720D77 /* PBXTargetDependency */,
				63CC6EEB2C5E529C00720D77 /* PBXTargetDependency */,
			);
			fileSystemSynchronizedGroups = (
				635A7E682C57E21B004BF7A3 /* AquaGuard2 */,
			);
			name = AquaGuard2;
			packageProductDependencies = (
			);
			productName = AquaGuard2;
			productReference = 635A7E662C57E21B004BF7A3 /* AquaGuard2.app */;
			productType = "com.apple.product-type.application";
		};
		635A7E752C57E21C004BF7A3 /* AquaGuard2Tests */ = {
			isa = PBXNativeTarget;
			buildConfigurationList = 635A7E8D2C57E21C004BF7A3 /* Build configuration list for PBXNativeTarget "AquaGuard2Tests" */;
			buildPhases = (
				635A7E722C57E21C004BF7A3 /* Sources */,
				635A7E732C57E21C004BF7A3 /* Frameworks */,
				635A7E742C57E21C004BF7A3 /* Resources */,
			);
			buildRules = (
			);
			dependencies = (
				635A7E782C57E21C004BF7A3 /* PBXTargetDependency */,
			);
			fileSystemSynchronizedGroups = (
				635A7E792C57E21C004BF7A3 /* AquaGuard2Tests */,
			);
			name = AquaGuard2Tests;
			packageProductDependencies = (
			);
			productName = AquaGuard2Tests;
			productReference = 635A7E762C57E21C004BF7A3 /* AquaGuard2Tests.xctest */;
			productType = "com.apple.product-type.bundle.unit-test";
		};
		635A7E7F2C57E21C004BF7A3 /* AquaGuard2UITests */ = {
			isa = PBXNativeTarget;
			buildConfigurationList = 635A7E902C57E21C004BF7A3 /* Build configuration list for PBXNativeTarget "AquaGuard2UITests" */;
			buildPhases = (
				635A7E7C2C57E21C004BF7A3 /* Sources */,
				635A7E7D2C57E21C004BF7A3 /* Frameworks */,
				635A7E7E2C57E21C004BF7A3 /* Resources */,
			);
			buildRules = (
			);
			dependencies = (
				635A7E822C57E21C004BF7A3 /* PBXTargetDependency */,
			);
			fileSystemSynchronizedGroups = (
				635A7E832C57E21C004BF7A3 /* AquaGuard2UITests */,
			);
			name = AquaGuard2UITests;
			packageProductDependencies = (
			);
			productName = AquaGuard2UITests;
			productReference = 635A7E802C57E21C004BF7A3 /* AquaGuard2UITests.xctest */;
			productType = "com.apple.product-type.bundle.ui-testing";
		};
		63CC6E9A2C5CEB0000720D77 /* AquaGuard-WidgetsExtension */ = {
			isa = PBXNativeTarget;
			buildConfigurationList = 63CC6EB32C5CEB0200720D77 /* Build configuration list for PBXNativeTarget "AquaGuard-WidgetsExtension" */;
			buildPhases = (
				63CC6E972C5CEB0000720D77 /* Sources */,
				63CC6E982C5CEB0000720D77 /* Frameworks */,
				63CC6E992C5CEB0000720D77 /* Resources */,
			);
			buildRules = (
			);
			dependencies = (
			);
			fileSystemSynchronizedGroups = (
				63CC6EA12C5CEB0000720D77 /* AquaGuard-Widgets */,
			);
			name = "AquaGuard-WidgetsExtension";
			packageProductDependencies = (
			);
			productName = "AquaGuard-WidgetsExtension";
			productReference = 63CC6E9B2C5CEB0000720D77 /* AquaGuard-WidgetsExtension.appex */;
			productType = "com.apple.product-type.app-extension";
		};
		63CC6EC82C5E529900720D77 /* AquaGuard-Watch Watch App */ = {
			isa = PBXNativeTarget;
			buildConfigurationList = 63CC6EED2C5E529C00720D77 /* Build configuration list for PBXNativeTarget "AquaGuard-Watch Watch App" */;
			buildPhases = (
				63CC6EC52C5E529900720D77 /* Sources */,
				63CC6EC62C5E529900720D77 /* Frameworks */,
				63CC6EC72C5E529900720D77 /* Resources */,
				6319912B2C5F523000EE882B /* Embed Foundation Extensions */,
			);
			buildRules = (
			);
			dependencies = (
				631991252C5F523000EE882B /* PBXTargetDependency */,
			);
			fileSystemSynchronizedGroups = (
				63CC6ECA2C5E529900720D77 /* AquaGuard-Watch Watch App */,
			);
			name = "AquaGuard-Watch Watch App";
			packageProductDependencies = (
			);
			productName = "AquaGuard-Watch Watch App";
			productReference = 63CC6EC92C5E529900720D77 /* AquaGuard-Watch Watch App.app */;
			productType = "com.apple.product-type.application";
		};
		63CC6ED72C5E529B00720D77 /* AquaGuard-Watch Watch AppTests */ = {
			isa = PBXNativeTarget;
			buildConfigurationList = 63CC6EF02C5E529C00720D77 /* Build configuration list for PBXNativeTarget "AquaGuard-Watch Watch AppTests" */;
			buildPhases = (
				63CC6ED42C5E529B00720D77 /* Sources */,
				63CC6ED52C5E529B00720D77 /* Frameworks */,
				63CC6ED62C5E529B00720D77 /* Resources */,
			);
			buildRules = (
			);
			dependencies = (
				63CC6EDA2C5E529B00720D77 /* PBXTargetDependency */,
			);
			fileSystemSynchronizedGroups = (
				63CC6EDB2C5E529C00720D77 /* AquaGuard-Watch Watch AppTests */,
			);
			name = "AquaGuard-Watch Watch AppTests";
			packageProductDependencies = (
			);
			productName = "AquaGuard-Watch Watch AppTests";
			productReference = 63CC6ED82C5E529B00720D77 /* AquaGuard-Watch Watch AppTests.xctest */;
			productType = "com.apple.product-type.bundle.unit-test";
		};
		63CC6EE12C5E529C00720D77 /* AquaGuard-Watch Watch AppUITests */ = {
			isa = PBXNativeTarget;
			buildConfigurationList = 63CC6EF32C5E529C00720D77 /* Build configuration list for PBXNativeTarget "AquaGuard-Watch Watch AppUITests" */;
			buildPhases = (
				63CC6EDE2C5E529C00720D77 /* Sources */,
				63CC6EDF2C5E529C00720D77 /* Frameworks */,
				63CC6EE02C5E529C00720D77 /* Resources */,
			);
			buildRules = (
			);
			dependencies = (
				63CC6EE42C5E529C00720D77 /* PBXTargetDependency */,
			);
			fileSystemSynchronizedGroups = (
				63CC6EE52C5E529C00720D77 /* AquaGuard-Watch Watch AppUITests */,
			);
			name = "AquaGuard-Watch Watch AppUITests";
			packageProductDependencies = (
			);
			productName = "AquaGuard-Watch Watch AppUITests";
			productReference = 63CC6EE22C5E529C00720D77 /* AquaGuard-Watch Watch AppUITests.xctest */;
			productType = "com.apple.product-type.bundle.ui-testing";
		};
/* End PBXNativeTarget section */

/* Begin PBXProject section */
		635A7E5E2C57E21B004BF7A3 /* Project object */ = {
			isa = PBXProject;
			attributes = {
				BuildIndependentTargetsInParallel = 1;
				LastSwiftUpdateCheck = 1600;
				LastUpgradeCheck = 1600;
				TargetAttributes = {
					631991182C5F522E00EE882B = {
						CreatedOnToolsVersion = 16.0;
					};
					635A7E652C57E21B004BF7A3 = {
						CreatedOnToolsVersion = 16.0;
					};
					635A7E752C57E21C004BF7A3 = {
						CreatedOnToolsVersion = 16.0;
						TestTargetID = 635A7E652C57E21B004BF7A3;
					};
					635A7E7F2C57E21C004BF7A3 = {
						CreatedOnToolsVersion = 16.0;
						TestTargetID = 635A7E652C57E21B004BF7A3;
					};
					63CC6E9A2C5CEB0000720D77 = {
						CreatedOnToolsVersion = 16.0;
					};
					63CC6EC82C5E529900720D77 = {
						CreatedOnToolsVersion = 16.0;
					};
					63CC6ED72C5E529B00720D77 = {
						CreatedOnToolsVersion = 16.0;
						TestTargetID = 63CC6EC82C5E529900720D77;
					};
					63CC6EE12C5E529C00720D77 = {
						CreatedOnToolsVersion = 16.0;
						TestTargetID = 63CC6EC82C5E529900720D77;
					};
				};
			};
			buildConfigurationList = 635A7E612C57E21B004BF7A3 /* Build configuration list for PBXProject "AquaGuard2" */;
			compatibilityVersion = "Xcode 15.0";
			developmentRegion = en;
			hasScannedForEncodings = 0;
			knownRegions = (
				en,
				Base,
			);
			mainGroup = 635A7E5D2C57E21B004BF7A3;
			productRefGroup = 635A7E672C57E21B004BF7A3 /* Products */;
			projectDirPath = "";
			projectRoot = "";
			targets = (
				635A7E652C57E21B004BF7A3 /* AquaGuard2 */,
				635A7E752C57E21C004BF7A3 /* AquaGuard2Tests */,
				635A7E7F2C57E21C004BF7A3 /* AquaGuard2UITests */,
				63CC6E9A2C5CEB0000720D77 /* AquaGuard-WidgetsExtension */,
				63CC6EC82C5E529900720D77 /* AquaGuard-Watch Watch App */,
				63CC6ED72C5E529B00720D77 /* AquaGuard-Watch Watch AppTests */,
				63CC6EE12C5E529C00720D77 /* AquaGuard-Watch Watch AppUITests */,
				631991182C5F522E00EE882B /* AquaGuard-Watch-WidgetExtension */,
			);
		};
/* End PBXProject section */

/* Begin PBXResourcesBuildPhase section */
		631991172C5F522E00EE882B /* Resources */ = {
			isa = PBXResourcesBuildPhase;
			buildActionMask = 2147483647;
			files = (
			);
			runOnlyForDeploymentPostprocessing = 0;
		};
		635A7E642C57E21B004BF7A3 /* Resources */ = {
			isa = PBXResourcesBuildPhase;
			buildActionMask = 2147483647;
			files = (
			);
			runOnlyForDeploymentPostprocessing = 0;
		};
		635A7E742C57E21C004BF7A3 /* Resources */ = {
			isa = PBXResourcesBuildPhase;
			buildActionMask = 2147483647;
			files = (
			);
			runOnlyForDeploymentPostprocessing = 0;
		};
		635A7E7E2C57E21C004BF7A3 /* Resources */ = {
			isa = PBXResourcesBuildPhase;
			buildActionMask = 2147483647;
			files = (
			);
			runOnlyForDeploymentPostprocessing = 0;
		};
		63CC6E992C5CEB0000720D77 /* Resources */ = {
			isa = PBXResourcesBuildPhase;
			buildActionMask = 2147483647;
			files = (
			);
			runOnlyForDeploymentPostprocessing = 0;
		};
		63CC6EC72C5E529900720D77 /* Resources */ = {
			isa = PBXResourcesBuildPhase;
			buildActionMask = 2147483647;
			files = (
			);
			runOnlyForDeploymentPostprocessing = 0;
		};
		63CC6ED62C5E529B00720D77 /* Resources */ = {
			isa = PBXResourcesBuildPhase;
			buildActionMask = 2147483647;
			files = (
			);
			runOnlyForDeploymentPostprocessing = 0;
		};
		63CC6EE02C5E529C00720D77 /* Resources */ = {
			isa = PBXResourcesBuildPhase;
			buildActionMask = 2147483647;
			files = (
			);
			runOnlyForDeploymentPostprocessing = 0;
		};
/* End PBXResourcesBuildPhase section */

/* Begin PBXSourcesBuildPhase section */
		631991152C5F522E00EE882B /* Sources */ = {
			isa = PBXSourcesBuildPhase;
			buildActionMask = 2147483647;
			files = (
			);
			runOnlyForDeploymentPostprocessing = 0;
		};
		635A7E622C57E21B004BF7A3 /* Sources */ = {
			isa = PBXSourcesBuildPhase;
			buildActionMask = 2147483647;
			files = (
			);
			runOnlyForDeploymentPostprocessing = 0;
		};
		635A7E722C57E21C004BF7A3 /* Sources */ = {
			isa = PBXSourcesBuildPhase;
			buildActionMask = 2147483647;
			files = (
			);
			runOnlyForDeploymentPostprocessing = 0;
		};
		635A7E7C2C57E21C004BF7A3 /* Sources */ = {
			isa = PBXSourcesBuildPhase;
			buildActionMask = 2147483647;
			files = (
			);
			runOnlyForDeploymentPostprocessing = 0;
		};
		63CC6E972C5CEB0000720D77 /* Sources */ = {
			isa = PBXSourcesBuildPhase;
			buildActionMask = 2147483647;
			files = (
			);
			runOnlyForDeploymentPostprocessing = 0;
		};
		63CC6EC52C5E529900720D77 /* Sources */ = {
			isa = PBXSourcesBuildPhase;
			buildActionMask = 2147483647;
			files = (
			);
			runOnlyForDeploymentPostprocessing = 0;
		};
		63CC6ED42C5E529B00720D77 /* Sources */ = {
			isa = PBXSourcesBuildPhase;
			buildActionMask = 2147483647;
			files = (
			);
			runOnlyForDeploymentPostprocessing = 0;
		};
		63CC6EDE2C5E529C00720D77 /* Sources */ = {
			isa = PBXSourcesBuildPhase;
			buildActionMask = 2147483647;
			files = (
			);
			runOnlyForDeploymentPostprocessing = 0;
		};
/* End PBXSourcesBuildPhase section */

/* Begin PBXTargetDependency section */
		631991252C5F523000EE882B /* PBXTargetDependency */ = {
			isa = PBXTargetDependency;
			target = 631991182C5F522E00EE882B /* AquaGuard-Watch-WidgetExtension */;
			targetProxy = 631991242C5F523000EE882B /* PBXContainerItemProxy */;
		};
		635A7E782C57E21C004BF7A3 /* PBXTargetDependency */ = {
			isa = PBXTargetDependency;
			target = 635A7E652C57E21B004BF7A3 /* AquaGuard2 */;
			targetProxy = 635A7E772C57E21C004BF7A3 /* PBXContainerItemProxy */;
		};
		635A7E822C57E21C004BF7A3 /* PBXTargetDependency */ = {
			isa = PBXTargetDependency;
			target = 635A7E652C57E21B004BF7A3 /* AquaGuard2 */;
			targetProxy = 635A7E812C57E21C004BF7A3 /* PBXContainerItemProxy */;
		};
		63CC6EB02C5CEB0200720D77 /* PBXTargetDependency */ = {
			isa = PBXTargetDependency;
			target = 63CC6E9A2C5CEB0000720D77 /* AquaGuard-WidgetsExtension */;
			targetProxy = 63CC6EAF2C5CEB0200720D77 /* PBXContainerItemProxy */;
		};
		63CC6EDA2C5E529B00720D77 /* PBXTargetDependency */ = {
			isa = PBXTargetDependency;
			target = 63CC6EC82C5E529900720D77 /* AquaGuard-Watch Watch App */;
			targetProxy = 63CC6ED92C5E529B00720D77 /* PBXContainerItemProxy */;
		};
		63CC6EE42C5E529C00720D77 /* PBXTargetDependency */ = {
			isa = PBXTargetDependency;
			target = 63CC6EC82C5E529900720D77 /* AquaGuard-Watch Watch App */;
			targetProxy = 63CC6EE32C5E529C00720D77 /* PBXContainerItemProxy */;
		};
		63CC6EEB2C5E529C00720D77 /* PBXTargetDependency */ = {
			isa = PBXTargetDependency;
			target = 63CC6EC82C5E529900720D77 /* AquaGuard-Watch Watch App */;
			targetProxy = 63CC6EEA2C5E529C00720D77 /* PBXContainerItemProxy */;
		};
/* End PBXTargetDependency section */

/* Begin XCBuildConfiguration section */
		631991282C5F523000EE882B /* Debug */ = {
			isa = XCBuildConfiguration;
			buildSettings = {
				ASSETCATALOG_COMPILER_GLOBAL_ACCENT_COLOR_NAME = AccentColor;
				ASSETCATALOG_COMPILER_WIDGET_BACKGROUND_COLOR_NAME = WidgetBackground;
				CODE_SIGN_STYLE = Automatic;
				CURRENT_PROJECT_VERSION = 1;
				DEVELOPMENT_TEAM = NSA2PC5U28;
				GENERATE_INFOPLIST_FILE = YES;
				INFOPLIST_FILE = "AquaGuard-Watch-Widget/Info.plist";
				INFOPLIST_KEY_CFBundleDisplayName = "AquaGuard-Watch-Widget";
				INFOPLIST_KEY_NSHumanReadableCopyright = "";
				LD_RUNPATH_SEARCH_PATHS = (
					"$(inherited)",
					"@executable_path/Frameworks",
					"@executable_path/../../Frameworks",
					"@executable_path/../../../../Frameworks",
				);
				MARKETING_VERSION = 1.0;
				PRODUCT_BUNDLE_IDENTIFIER = "com.tristanlistanco.AquaGuard2.watchkitapp.AquaGuard-Watch-Widget";
				PRODUCT_NAME = "$(TARGET_NAME)";
				SDKROOT = watchos;
				SKIP_INSTALL = YES;
				SWIFT_EMIT_LOC_STRINGS = YES;
				SWIFT_VERSION = 5.0;
				TARGETED_DEVICE_FAMILY = 4;
				WATCHOS_DEPLOYMENT_TARGET = 11.0;
			};
			name = Debug;
		};
		631991292C5F523000EE882B /* Release */ = {
			isa = XCBuildConfiguration;
			buildSettings = {
				ASSETCATALOG_COMPILER_GLOBAL_ACCENT_COLOR_NAME = AccentColor;
				ASSETCATALOG_COMPILER_WIDGET_BACKGROUND_COLOR_NAME = WidgetBackground;
				CODE_SIGN_STYLE = Automatic;
				CURRENT_PROJECT_VERSION = 1;
				DEVELOPMENT_TEAM = NSA2PC5U28;
				GENERATE_INFOPLIST_FILE = YES;
				INFOPLIST_FILE = "AquaGuard-Watch-Widget/Info.plist";
				INFOPLIST_KEY_CFBundleDisplayName = "AquaGuard-Watch-Widget";
				INFOPLIST_KEY_NSHumanReadableCopyright = "";
				LD_RUNPATH_SEARCH_PATHS = (
					"$(inherited)",
					"@executable_path/Frameworks",
					"@executable_path/../../Frameworks",
					"@executable_path/../../../../Frameworks",
				);
				MARKETING_VERSION = 1.0;
				PRODUCT_BUNDLE_IDENTIFIER = "com.tristanlistanco.AquaGuard2.watchkitapp.AquaGuard-Watch-Widget";
				PRODUCT_NAME = "$(TARGET_NAME)";
				SDKROOT = watchos;
				SKIP_INSTALL = YES;
				SWIFT_EMIT_LOC_STRINGS = YES;
				SWIFT_VERSION = 5.0;
				TARGETED_DEVICE_FAMILY = 4;
				WATCHOS_DEPLOYMENT_TARGET = 11.0;
			};
			name = Release;
		};
		635A7E882C57E21C004BF7A3 /* Debug */ = {
			isa = XCBuildConfiguration;
			buildSettings = {
				ALWAYS_SEARCH_USER_PATHS = NO;
				ASSETCATALOG_COMPILER_GENERATE_SWIFT_ASSET_SYMBOL_EXTENSIONS = YES;
				CLANG_ANALYZER_NONNULL = YES;
				CLANG_ANALYZER_NUMBER_OBJECT_CONVERSION = YES_AGGRESSIVE;
				CLANG_CXX_LANGUAGE_STANDARD = "gnu++20";
				CLANG_ENABLE_MODULES = YES;
				CLANG_ENABLE_OBJC_ARC = YES;
				CLANG_ENABLE_OBJC_WEAK = YES;
				CLANG_WARN_BLOCK_CAPTURE_AUTORELEASING = YES;
				CLANG_WARN_BOOL_CONVERSION = YES;
				CLANG_WARN_COMMA = YES;
				CLANG_WARN_CONSTANT_CONVERSION = YES;
				CLANG_WARN_DEPRECATED_OBJC_IMPLEMENTATIONS = YES;
				CLANG_WARN_DIRECT_OBJC_ISA_USAGE = YES_ERROR;
				CLANG_WARN_DOCUMENTATION_COMMENTS = YES;
				CLANG_WARN_EMPTY_BODY = YES;
				CLANG_WARN_ENUM_CONVERSION = YES;
				CLANG_WARN_INFINITE_RECURSION = YES;
				CLANG_WARN_INT_CONVERSION = YES;
				CLANG_WARN_NON_LITERAL_NULL_CONVERSION = YES;
				CLANG_WARN_OBJC_IMPLICIT_RETAIN_SELF = YES;
				CLANG_WARN_OBJC_LITERAL_CONVERSION = YES;
				CLANG_WARN_OBJC_ROOT_CLASS = YES_ERROR;
				CLANG_WARN_QUOTED_INCLUDE_IN_FRAMEWORK_HEADER = YES;
				CLANG_WARN_RANGE_LOOP_ANALYSIS = YES;
				CLANG_WARN_STRICT_PROTOTYPES = YES;
				CLANG_WARN_SUSPICIOUS_MOVE = YES;
				CLANG_WARN_UNGUARDED_AVAILABILITY = YES_AGGRESSIVE;
				CLANG_WARN_UNREACHABLE_CODE = YES;
				CLANG_WARN__DUPLICATE_METHOD_MATCH = YES;
				COPY_PHASE_STRIP = NO;
				DEBUG_INFORMATION_FORMAT = dwarf;
				ENABLE_STRICT_OBJC_MSGSEND = YES;
				ENABLE_TESTABILITY = YES;
				ENABLE_USER_SCRIPT_SANDBOXING = YES;
				GCC_C_LANGUAGE_STANDARD = gnu17;
				GCC_DYNAMIC_NO_PIC = NO;
				GCC_NO_COMMON_BLOCKS = YES;
				GCC_OPTIMIZATION_LEVEL = 0;
				GCC_PREPROCESSOR_DEFINITIONS = (
					"DEBUG=1",
					"$(inherited)",
				);
				GCC_WARN_64_TO_32_BIT_CONVERSION = YES;
				GCC_WARN_ABOUT_RETURN_TYPE = YES_ERROR;
				GCC_WARN_UNDECLARED_SELECTOR = YES;
				GCC_WARN_UNINITIALIZED_AUTOS = YES_AGGRESSIVE;
				GCC_WARN_UNUSED_FUNCTION = YES;
				GCC_WARN_UNUSED_VARIABLE = YES;
				IPHONEOS_DEPLOYMENT_TARGET = 18.0;
				LOCALIZATION_PREFERS_STRING_CATALOGS = YES;
				MTL_ENABLE_DEBUG_INFO = INCLUDE_SOURCE;
				MTL_FAST_MATH = YES;
				ONLY_ACTIVE_ARCH = YES;
				SDKROOT = iphoneos;
				SWIFT_ACTIVE_COMPILATION_CONDITIONS = "DEBUG $(inherited)";
				SWIFT_OPTIMIZATION_LEVEL = "-Onone";
			};
			name = Debug;
		};
		635A7E892C57E21C004BF7A3 /* Release */ = {
			isa = XCBuildConfiguration;
			buildSettings = {
				ALWAYS_SEARCH_USER_PATHS = NO;
				ASSETCATALOG_COMPILER_GENERATE_SWIFT_ASSET_SYMBOL_EXTENSIONS = YES;
				CLANG_ANALYZER_NONNULL = YES;
				CLANG_ANALYZER_NUMBER_OBJECT_CONVERSION = YES_AGGRESSIVE;
				CLANG_CXX_LANGUAGE_STANDARD = "gnu++20";
				CLANG_ENABLE_MODULES = YES;
				CLANG_ENABLE_OBJC_ARC = YES;
				CLANG_ENABLE_OBJC_WEAK = YES;
				CLANG_WARN_BLOCK_CAPTURE_AUTORELEASING = YES;
				CLANG_WARN_BOOL_CONVERSION = YES;
				CLANG_WARN_COMMA = YES;
				CLANG_WARN_CONSTANT_CONVERSION = YES;
				CLANG_WARN_DEPRECATED_OBJC_IMPLEMENTATIONS = YES;
				CLANG_WARN_DIRECT_OBJC_ISA_USAGE = YES_ERROR;
				CLANG_WARN_DOCUMENTATION_COMMENTS = YES;
				CLANG_WARN_EMPTY_BODY = YES;
				CLANG_WARN_ENUM_CONVERSION = YES;
				CLANG_WARN_INFINITE_RECURSION = YES;
				CLANG_WARN_INT_CONVERSION = YES;
				CLANG_WARN_NON_LITERAL_NULL_CONVERSION = YES;
				CLANG_WARN_OBJC_IMPLICIT_RETAIN_SELF = YES;
				CLANG_WARN_OBJC_LITERAL_CONVERSION = YES;
				CLANG_WARN_OBJC_ROOT_CLASS = YES_ERROR;
				CLANG_WARN_QUOTED_INCLUDE_IN_FRAMEWORK_HEADER = YES;
				CLANG_WARN_RANGE_LOOP_ANALYSIS = YES;
				CLANG_WARN_STRICT_PROTOTYPES = YES;
				CLANG_WARN_SUSPICIOUS_MOVE = YES;
				CLANG_WARN_UNGUARDED_AVAILABILITY = YES_AGGRESSIVE;
				CLANG_WARN_UNREACHABLE_CODE = YES;
				CLANG_WARN__DUPLICATE_METHOD_MATCH = YES;
				COPY_PHASE_STRIP = NO;
				DEBUG_INFORMATION_FORMAT = "dwarf-with-dsym";
				ENABLE_NS_ASSERTIONS = NO;
				ENABLE_STRICT_OBJC_MSGSEND = YES;
				ENABLE_USER_SCRIPT_SANDBOXING = YES;
				GCC_C_LANGUAGE_STANDARD = gnu17;
				GCC_NO_COMMON_BLOCKS = YES;
				GCC_WARN_64_TO_32_BIT_CONVERSION = YES;
				GCC_WARN_ABOUT_RETURN_TYPE = YES_ERROR;
				GCC_WARN_UNDECLARED_SELECTOR = YES;
				GCC_WARN_UNINITIALIZED_AUTOS = YES_AGGRESSIVE;
				GCC_WARN_UNUSED_FUNCTION = YES;
				GCC_WARN_UNUSED_VARIABLE = YES;
				IPHONEOS_DEPLOYMENT_TARGET = 18.0;
				LOCALIZATION_PREFERS_STRING_CATALOGS = YES;
				MTL_ENABLE_DEBUG_INFO = NO;
				MTL_FAST_MATH = YES;
				SDKROOT = iphoneos;
				SWIFT_COMPILATION_MODE = wholemodule;
				VALIDATE_PRODUCT = YES;
			};
			name = Release;
		};
		635A7E8B2C57E21C004BF7A3 /* Debug */ = {
			isa = XCBuildConfiguration;
			buildSettings = {
				ASSETCATALOG_COMPILER_APPICON_NAME = AppIcon;
				ASSETCATALOG_COMPILER_GLOBAL_ACCENT_COLOR_NAME = AccentColor;
				CODE_SIGN_ENTITLEMENTS = AquaGuard2/AquaGuard2.entitlements;
				CODE_SIGN_STYLE = Automatic;
				CURRENT_PROJECT_VERSION = 1;
				DEVELOPMENT_ASSET_PATHS = "\"AquaGuard2/Preview Content\"";
				DEVELOPMENT_TEAM = NSA2PC5U28;
				ENABLE_PREVIEWS = YES;
				GENERATE_INFOPLIST_FILE = YES;
				INFOPLIST_KEY_LSApplicationCategoryType = "public.app-category.utilities";
				INFOPLIST_KEY_UIApplicationSceneManifest_Generation = YES;
				INFOPLIST_KEY_UIApplicationSupportsIndirectInputEvents = YES;
				INFOPLIST_KEY_UILaunchScreen_Generation = YES;
				INFOPLIST_KEY_UISupportedInterfaceOrientations_iPad = "UIInterfaceOrientationPortrait UIInterfaceOrientationPortraitUpsideDown UIInterfaceOrientationLandscapeLeft UIInterfaceOrientationLandscapeRight";
				INFOPLIST_KEY_UISupportedInterfaceOrientations_iPhone = "UIInterfaceOrientationPortrait UIInterfaceOrientationLandscapeLeft UIInterfaceOrientationLandscapeRight";
				IPHONEOS_DEPLOYMENT_TARGET = 18.0;
				LD_RUNPATH_SEARCH_PATHS = (
					"$(inherited)",
					"@executable_path/Frameworks",
				);
				MACOSX_DEPLOYMENT_TARGET = 15.0;
				MARKETING_VERSION = 1.0;
				PRODUCT_BUNDLE_IDENTIFIER = com.tristanlistanco.AquaGuard2;
				PRODUCT_NAME = "$(TARGET_NAME)";
				REGISTER_APP_GROUPS = NO;
				SUPPORTED_PLATFORMS = "iphoneos iphonesimulator macosx";
				SUPPORTS_MACCATALYST = NO;
				SUPPORTS_MAC_DESIGNED_FOR_IPHONE_IPAD = NO;
				SWIFT_EMIT_LOC_STRINGS = YES;
				SWIFT_VERSION = 5.0;
				TARGETED_DEVICE_FAMILY = "1,2";
			};
			name = Debug;
		};
		635A7E8C2C57E21C004BF7A3 /* Release */ = {
			isa = XCBuildConfiguration;
			buildSettings = {
				ASSETCATALOG_COMPILER_APPICON_NAME = AppIcon;
				ASSETCATALOG_COMPILER_GLOBAL_ACCENT_COLOR_NAME = AccentColor;
				CODE_SIGN_ENTITLEMENTS = AquaGuard2/AquaGuard2.entitlements;
				CODE_SIGN_STYLE = Automatic;
				CURRENT_PROJECT_VERSION = 1;
				DEVELOPMENT_ASSET_PATHS = "\"AquaGuard2/Preview Content\"";
				DEVELOPMENT_TEAM = NSA2PC5U28;
				ENABLE_PREVIEWS = YES;
				GENERATE_INFOPLIST_FILE = YES;
				INFOPLIST_KEY_LSApplicationCategoryType = "public.app-category.utilities";
				INFOPLIST_KEY_UIApplicationSceneManifest_Generation = YES;
				INFOPLIST_KEY_UIApplicationSupportsIndirectInputEvents = YES;
				INFOPLIST_KEY_UILaunchScreen_Generation = YES;
				INFOPLIST_KEY_UISupportedInterfaceOrientations_iPad = "UIInterfaceOrientationPortrait UIInterfaceOrientationPortraitUpsideDown UIInterfaceOrientationLandscapeLeft UIInterfaceOrientationLandscapeRight";
				INFOPLIST_KEY_UISupportedInterfaceOrientations_iPhone = "UIInterfaceOrientationPortrait UIInterfaceOrientationLandscapeLeft UIInterfaceOrientationLandscapeRight";
				IPHONEOS_DEPLOYMENT_TARGET = 18.0;
				LD_RUNPATH_SEARCH_PATHS = (
					"$(inherited)",
					"@executable_path/Frameworks",
				);
				MACOSX_DEPLOYMENT_TARGET = 15.0;
				MARKETING_VERSION = 1.0;
				PRODUCT_BUNDLE_IDENTIFIER = com.tristanlistanco.AquaGuard2;
				PRODUCT_NAME = "$(TARGET_NAME)";
				REGISTER_APP_GROUPS = NO;
				SUPPORTED_PLATFORMS = "iphoneos iphonesimulator macosx";
				SUPPORTS_MACCATALYST = NO;
				SUPPORTS_MAC_DESIGNED_FOR_IPHONE_IPAD = NO;
				SWIFT_EMIT_LOC_STRINGS = YES;
				SWIFT_VERSION = 5.0;
				TARGETED_DEVICE_FAMILY = "1,2";
			};
			name = Release;
		};
		635A7E8E2C57E21C004BF7A3 /* Debug */ = {
			isa = XCBuildConfiguration;
			buildSettings = {
				BUNDLE_LOADER = "$(TEST_HOST)";
				CODE_SIGN_STYLE = Automatic;
				CURRENT_PROJECT_VERSION = 1;
				DEVELOPMENT_TEAM = NSA2PC5U28;
				GENERATE_INFOPLIST_FILE = YES;
				IPHONEOS_DEPLOYMENT_TARGET = 18.0;
				MARKETING_VERSION = 1.0;
				PRODUCT_BUNDLE_IDENTIFIER = com.tristanlistanco.AquaGuard2Tests;
				PRODUCT_NAME = "$(TARGET_NAME)";
				SWIFT_EMIT_LOC_STRINGS = NO;
				SWIFT_VERSION = 5.0;
				TARGETED_DEVICE_FAMILY = "1,2";
				TEST_HOST = "$(BUILT_PRODUCTS_DIR)/AquaGuard2.app/$(BUNDLE_EXECUTABLE_FOLDER_PATH)/AquaGuard2";
			};
			name = Debug;
		};
		635A7E8F2C57E21C004BF7A3 /* Release */ = {
			isa = XCBuildConfiguration;
			buildSettings = {
				BUNDLE_LOADER = "$(TEST_HOST)";
				CODE_SIGN_STYLE = Automatic;
				CURRENT_PROJECT_VERSION = 1;
				DEVELOPMENT_TEAM = NSA2PC5U28;
				GENERATE_INFOPLIST_FILE = YES;
				IPHONEOS_DEPLOYMENT_TARGET = 18.0;
				MARKETING_VERSION = 1.0;
				PRODUCT_BUNDLE_IDENTIFIER = com.tristanlistanco.AquaGuard2Tests;
				PRODUCT_NAME = "$(TARGET_NAME)";
				SWIFT_EMIT_LOC_STRINGS = NO;
				SWIFT_VERSION = 5.0;
				TARGETED_DEVICE_FAMILY = "1,2";
				TEST_HOST = "$(BUILT_PRODUCTS_DIR)/AquaGuard2.app/$(BUNDLE_EXECUTABLE_FOLDER_PATH)/AquaGuard2";
			};
			name = Release;
		};
		635A7E912C57E21C004BF7A3 /* Debug */ = {
			isa = XCBuildConfiguration;
			buildSettings = {
				CODE_SIGN_STYLE = Automatic;
				CURRENT_PROJECT_VERSION = 1;
				DEVELOPMENT_TEAM = NSA2PC5U28;
				GENERATE_INFOPLIST_FILE = YES;
				MARKETING_VERSION = 1.0;
				PRODUCT_BUNDLE_IDENTIFIER = com.tristanlistanco.AquaGuard2UITests;
				PRODUCT_NAME = "$(TARGET_NAME)";
				SWIFT_EMIT_LOC_STRINGS = NO;
				SWIFT_VERSION = 5.0;
				TARGETED_DEVICE_FAMILY = "1,2";
				TEST_TARGET_NAME = AquaGuard2;
			};
			name = Debug;
		};
		635A7E922C57E21C004BF7A3 /* Release */ = {
			isa = XCBuildConfiguration;
			buildSettings = {
				CODE_SIGN_STYLE = Automatic;
				CURRENT_PROJECT_VERSION = 1;
				DEVELOPMENT_TEAM = NSA2PC5U28;
				GENERATE_INFOPLIST_FILE = YES;
				MARKETING_VERSION = 1.0;
				PRODUCT_BUNDLE_IDENTIFIER = com.tristanlistanco.AquaGuard2UITests;
				PRODUCT_NAME = "$(TARGET_NAME)";
				SWIFT_EMIT_LOC_STRINGS = NO;
				SWIFT_VERSION = 5.0;
				TARGETED_DEVICE_FAMILY = "1,2";
				TEST_TARGET_NAME = AquaGuard2;
			};
			name = Release;
		};
		63CC6EB42C5CEB0200720D77 /* Debug */ = {
			isa = XCBuildConfiguration;
			buildSettings = {
				ASSETCATALOG_COMPILER_GLOBAL_ACCENT_COLOR_NAME = AccentColor;
				ASSETCATALOG_COMPILER_WIDGET_BACKGROUND_COLOR_NAME = WidgetBackground;
				CODE_SIGN_ENTITLEMENTS = "AquaGuard-WidgetsExtension.entitlements";
				CODE_SIGN_STYLE = Automatic;
				CURRENT_PROJECT_VERSION = 1;
				DEVELOPMENT_TEAM = NSA2PC5U28;
				GENERATE_INFOPLIST_FILE = YES;
				INFOPLIST_FILE = "AquaGuard-Widgets/Info.plist";
				INFOPLIST_KEY_CFBundleDisplayName = "AquaGuard-Widgets";
				INFOPLIST_KEY_NSHumanReadableCopyright = "";
				IPHONEOS_DEPLOYMENT_TARGET = 18.0;
				LD_RUNPATH_SEARCH_PATHS = (
					"$(inherited)",
					"@executable_path/Frameworks",
					"@executable_path/../../Frameworks",
				);
				MARKETING_VERSION = 1.0;
				PRODUCT_BUNDLE_IDENTIFIER = "com.tristanlistanco.AquaGuard2.AquaGuard-Widgets";
				PRODUCT_NAME = "$(TARGET_NAME)";
				SKIP_INSTALL = YES;
				SWIFT_EMIT_LOC_STRINGS = YES;
				SWIFT_VERSION = 5.0;
				TARGETED_DEVICE_FAMILY = "1,2";
			};
			name = Debug;
		};
		63CC6EB52C5CEB0200720D77 /* Release */ = {
			isa = XCBuildConfiguration;
			buildSettings = {
				ASSETCATALOG_COMPILER_GLOBAL_ACCENT_COLOR_NAME = AccentColor;
				ASSETCATALOG_COMPILER_WIDGET_BACKGROUND_COLOR_NAME = WidgetBackground;
				CODE_SIGN_ENTITLEMENTS = "AquaGuard-WidgetsExtension.entitlements";
				CODE_SIGN_STYLE = Automatic;
				CURRENT_PROJECT_VERSION = 1;
				DEVELOPMENT_TEAM = NSA2PC5U28;
				GENERATE_INFOPLIST_FILE = YES;
				INFOPLIST_FILE = "AquaGuard-Widgets/Info.plist";
				INFOPLIST_KEY_CFBundleDisplayName = "AquaGuard-Widgets";
				INFOPLIST_KEY_NSHumanReadableCopyright = "";
				IPHONEOS_DEPLOYMENT_TARGET = 18.0;
				LD_RUNPATH_SEARCH_PATHS = (
					"$(inherited)",
					"@executable_path/Frameworks",
					"@executable_path/../../Frameworks",
				);
				MARKETING_VERSION = 1.0;
				PRODUCT_BUNDLE_IDENTIFIER = "com.tristanlistanco.AquaGuard2.AquaGuard-Widgets";
				PRODUCT_NAME = "$(TARGET_NAME)";
				SKIP_INSTALL = YES;
				SWIFT_EMIT_LOC_STRINGS = YES;
				SWIFT_VERSION = 5.0;
				TARGETED_DEVICE_FAMILY = "1,2";
			};
			name = Release;
		};
		63CC6EEE2C5E529C00720D77 /* Debug */ = {
			isa = XCBuildConfiguration;
			buildSettings = {
				ASSETCATALOG_COMPILER_APPICON_NAME = AppIcon;
				ASSETCATALOG_COMPILER_GLOBAL_ACCENT_COLOR_NAME = AccentColor;
				CODE_SIGN_STYLE = Automatic;
				CURRENT_PROJECT_VERSION = 1;
				DEVELOPMENT_ASSET_PATHS = "\"AquaGuard-Watch Watch App/Preview Content\"";
				DEVELOPMENT_TEAM = NSA2PC5U28;
				ENABLE_PREVIEWS = YES;
				GENERATE_INFOPLIST_FILE = YES;
				INFOPLIST_KEY_CFBundleDisplayName = "AquaGuard-Watch";
				INFOPLIST_KEY_UISupportedInterfaceOrientations = "UIInterfaceOrientationPortrait UIInterfaceOrientationPortraitUpsideDown";
				INFOPLIST_KEY_WKCompanionAppBundleIdentifier = com.tristanlistanco.AquaGuard2;
				LD_RUNPATH_SEARCH_PATHS = (
					"$(inherited)",
					"@executable_path/Frameworks",
				);
				MARKETING_VERSION = 1.0;
				PRODUCT_BUNDLE_IDENTIFIER = com.tristanlistanco.AquaGuard2.watchkitapp;
				PRODUCT_NAME = "$(TARGET_NAME)";
				SDKROOT = watchos;
				SKIP_INSTALL = YES;
				SWIFT_EMIT_LOC_STRINGS = YES;
				SWIFT_VERSION = 5.0;
				TARGETED_DEVICE_FAMILY = 4;
				WATCHOS_DEPLOYMENT_TARGET = 11.0;
			};
			name = Debug;
		};
		63CC6EEF2C5E529C00720D77 /* Release */ = {
			isa = XCBuildConfiguration;
			buildSettings = {
				ASSETCATALOG_COMPILER_APPICON_NAME = AppIcon;
				ASSETCATALOG_COMPILER_GLOBAL_ACCENT_COLOR_NAME = AccentColor;
				CODE_SIGN_STYLE = Automatic;
				CURRENT_PROJECT_VERSION = 1;
				DEVELOPMENT_ASSET_PATHS = "\"AquaGuard-Watch Watch App/Preview Content\"";
				DEVELOPMENT_TEAM = NSA2PC5U28;
				ENABLE_PREVIEWS = YES;
				GENERATE_INFOPLIST_FILE = YES;
				INFOPLIST_KEY_CFBundleDisplayName = "AquaGuard-Watch";
				INFOPLIST_KEY_UISupportedInterfaceOrientations = "UIInterfaceOrientationPortrait UIInterfaceOrientationPortraitUpsideDown";
				INFOPLIST_KEY_WKCompanionAppBundleIdentifier = com.tristanlistanco.AquaGuard2;
				LD_RUNPATH_SEARCH_PATHS = (
					"$(inherited)",
					"@executable_path/Frameworks",
				);
				MARKETING_VERSION = 1.0;
				PRODUCT_BUNDLE_IDENTIFIER = com.tristanlistanco.AquaGuard2.watchkitapp;
				PRODUCT_NAME = "$(TARGET_NAME)";
				SDKROOT = watchos;
				SKIP_INSTALL = YES;
				SWIFT_EMIT_LOC_STRINGS = YES;
				SWIFT_VERSION = 5.0;
				TARGETED_DEVICE_FAMILY = 4;
				WATCHOS_DEPLOYMENT_TARGET = 11.0;
			};
			name = Release;
		};
		63CC6EF12C5E529C00720D77 /* Debug */ = {
			isa = XCBuildConfiguration;
			buildSettings = {
				BUNDLE_LOADER = "$(TEST_HOST)";
				CODE_SIGN_STYLE = Automatic;
				CURRENT_PROJECT_VERSION = 1;
				DEVELOPMENT_TEAM = NSA2PC5U28;
				GENERATE_INFOPLIST_FILE = YES;
				MARKETING_VERSION = 1.0;
				PRODUCT_BUNDLE_IDENTIFIER = "com.tristanlistanco.AquaGuard-Watch-Watch-AppTests";
				PRODUCT_NAME = "$(TARGET_NAME)";
				SDKROOT = watchos;
				SWIFT_EMIT_LOC_STRINGS = NO;
				SWIFT_VERSION = 5.0;
				TARGETED_DEVICE_FAMILY = 4;
				TEST_HOST = "$(BUILT_PRODUCTS_DIR)/AquaGuard-Watch Watch App.app/$(BUNDLE_EXECUTABLE_FOLDER_PATH)/AquaGuard-Watch Watch App";
				WATCHOS_DEPLOYMENT_TARGET = 11.0;
			};
			name = Debug;
		};
		63CC6EF22C5E529C00720D77 /* Release */ = {
			isa = XCBuildConfiguration;
			buildSettings = {
				BUNDLE_LOADER = "$(TEST_HOST)";
				CODE_SIGN_STYLE = Automatic;
				CURRENT_PROJECT_VERSION = 1;
				DEVELOPMENT_TEAM = NSA2PC5U28;
				GENERATE_INFOPLIST_FILE = YES;
				MARKETING_VERSION = 1.0;
				PRODUCT_BUNDLE_IDENTIFIER = "com.tristanlistanco.AquaGuard-Watch-Watch-AppTests";
				PRODUCT_NAME = "$(TARGET_NAME)";
				SDKROOT = watchos;
				SWIFT_EMIT_LOC_STRINGS = NO;
				SWIFT_VERSION = 5.0;
				TARGETED_DEVICE_FAMILY = 4;
				TEST_HOST = "$(BUILT_PRODUCTS_DIR)/AquaGuard-Watch Watch App.app/$(BUNDLE_EXECUTABLE_FOLDER_PATH)/AquaGuard-Watch Watch App";
				WATCHOS_DEPLOYMENT_TARGET = 11.0;
			};
			name = Release;
		};
		63CC6EF42C5E529C00720D77 /* Debug */ = {
			isa = XCBuildConfiguration;
			buildSettings = {
				CODE_SIGN_STYLE = Automatic;
				CURRENT_PROJECT_VERSION = 1;
				DEVELOPMENT_TEAM = NSA2PC5U28;
				GENERATE_INFOPLIST_FILE = YES;
				MARKETING_VERSION = 1.0;
				PRODUCT_BUNDLE_IDENTIFIER = "com.tristanlistanco.AquaGuard-Watch-Watch-AppUITests";
				PRODUCT_NAME = "$(TARGET_NAME)";
				SDKROOT = watchos;
				SWIFT_EMIT_LOC_STRINGS = NO;
				SWIFT_VERSION = 5.0;
				TARGETED_DEVICE_FAMILY = 4;
				TEST_TARGET_NAME = "AquaGuard-Watch Watch App";
				WATCHOS_DEPLOYMENT_TARGET = 11.0;
			};
			name = Debug;
		};
		63CC6EF52C5E529C00720D77 /* Release */ = {
			isa = XCBuildConfiguration;
			buildSettings = {
				CODE_SIGN_STYLE = Automatic;
				CURRENT_PROJECT_VERSION = 1;
				DEVELOPMENT_TEAM = NSA2PC5U28;
				GENERATE_INFOPLIST_FILE = YES;
				MARKETING_VERSION = 1.0;
				PRODUCT_BUNDLE_IDENTIFIER = "com.tristanlistanco.AquaGuard-Watch-Watch-AppUITests";
				PRODUCT_NAME = "$(TARGET_NAME)";
				SDKROOT = watchos;
				SWIFT_EMIT_LOC_STRINGS = NO;
				SWIFT_VERSION = 5.0;
				TARGETED_DEVICE_FAMILY = 4;
				TEST_TARGET_NAME = "AquaGuard-Watch Watch App";
				WATCHOS_DEPLOYMENT_TARGET = 11.0;
			};
			name = Release;
		};
/* End XCBuildConfiguration section */

/* Begin XCConfigurationList section */
		631991272C5F523000EE882B /* Build configuration list for PBXNativeTarget "AquaGuard-Watch-WidgetExtension" */ = {
			isa = XCConfigurationList;
			buildConfigurations = (
				631991282C5F523000EE882B /* Debug */,
				631991292C5F523000EE882B /* Release */,
			);
			defaultConfigurationIsVisible = 0;
			defaultConfigurationName = Release;
		};
		635A7E612C57E21B004BF7A3 /* Build configuration list for PBXProject "AquaGuard2" */ = {
			isa = XCConfigurationList;
			buildConfigurations = (
				635A7E882C57E21C004BF7A3 /* Debug */,
				635A7E892C57E21C004BF7A3 /* Release */,
			);
			defaultConfigurationIsVisible = 0;
			defaultConfigurationName = Release;
		};
		635A7E8A2C57E21C004BF7A3 /* Build configuration list for PBXNativeTarget "AquaGuard2" */ = {
			isa = XCConfigurationList;
			buildConfigurations = (
				635A7E8B2C57E21C004BF7A3 /* Debug */,
				635A7E8C2C57E21C004BF7A3 /* Release */,
			);
			defaultConfigurationIsVisible = 0;
			defaultConfigurationName = Release;
		};
		635A7E8D2C57E21C004BF7A3 /* Build configuration list for PBXNativeTarget "AquaGuard2Tests" */ = {
			isa = XCConfigurationList;
			buildConfigurations = (
				635A7E8E2C57E21C004BF7A3 /* Debug */,
				635A7E8F2C57E21C004BF7A3 /* Release */,
			);
			defaultConfigurationIsVisible = 0;
			defaultConfigurationName = Release;
		};
		635A7E902C57E21C004BF7A3 /* Build configuration list for PBXNativeTarget "AquaGuard2UITests" */ = {
			isa = XCConfigurationList;
			buildConfigurations = (
				635A7E912C57E21C004BF7A3 /* Debug */,
				635A7E922C57E21C004BF7A3 /* Release */,
			);
			defaultConfigurationIsVisible = 0;
			defaultConfigurationName = Release;
		};
		63CC6EB32C5CEB0200720D77 /* Build configuration list for PBXNativeTarget "AquaGuard-WidgetsExtension" */ = {
			isa = XCConfigurationList;
			buildConfigurations = (
				63CC6EB42C5CEB0200720D77 /* Debug */,
				63CC6EB52C5CEB0200720D77 /* Release */,
			);
			defaultConfigurationIsVisible = 0;
			defaultConfigurationName = Release;
		};
		63CC6EED2C5E529C00720D77 /* Build configuration list for PBXNativeTarget "AquaGuard-Watch Watch App" */ = {
			isa = XCConfigurationList;
			buildConfigurations = (
				63CC6EEE2C5E529C00720D77 /* Debug */,
				63CC6EEF2C5E529C00720D77 /* Release */,
			);
			defaultConfigurationIsVisible = 0;
			defaultConfigurationName = Release;
		};
		63CC6EF02C5E529C00720D77 /* Build configuration list for PBXNativeTarget "AquaGuard-Watch Watch AppTests" */ = {
			isa = XCConfigurationList;
			buildConfigurations = (
				63CC6EF12C5E529C00720D77 /* Debug */,
				63CC6EF22C5E529C00720D77 /* Release */,
			);
			defaultConfigurationIsVisible = 0;
			defaultConfigurationName = Release;
		};
		63CC6EF32C5E529C00720D77 /* Build configuration list for PBXNativeTarget "AquaGuard-Watch Watch AppUITests" */ = {
			isa = XCConfigurationList;
			buildConfigurations = (
				63CC6EF42C5E529C00720D77 /* Debug */,
				63CC6EF52C5E529C00720D77 /* Release */,
			);
			defaultConfigurationIsVisible = 0;
			defaultConfigurationName = Release;
		};
/* End XCConfigurationList section */
	};
	rootObject = 635A7E5E2C57E21B004BF7A3 /* Project object */;
}
